
Microsoft Visual Studio Solution File, Format Version 12.00
# Visual Studio Version 17
VisualStudioVersion = 17.5.33627.172
MinimumVisualStudioVersion = 10.0.40219.1
Project("{FAE04EC0-301F-11D3-BF4B-00C04F79EFBC}") = "WindowsFormsApp3", "WindowsFormsApp3\WindowsFormsApp3.csproj", "{C3999DA6-9EAF-4791-9C2A-4641DABFE848}"
EndProject
Global
	GlobalSection(SolutionConfigurationPlatforms) = preSolution
		Debug|Any CPU = Debug|Any CPU
		Release|Any CPU = Release|Any CPU
	EndGlobalSection
	GlobalSection(ProjectConfigurationPlatforms) = postSolution
		{C3999DA6-9EAF-4791-9C2A-4641DABFE848}.Debug|Any CPU.ActiveCfg = Debug|Any CPU
		{C3999DA6-9EAF-4791-9C2A-4641DABFE848}.Debug|Any CPU.Build.0 = Debug|Any CPU
		{C3999DA6-9EAF-4791-9C2A-4641DABFE848}.Release|Any CPU.ActiveCfg = Release|Any CPU
		{C3999DA6-9EAF-4791-9C2A-4641DABFE848}.Release|Any CPU.Build.0 = Release|Any CPU
	EndGlobalSection
	GlobalSection(SolutionProperties) = preSolution
		HideSolutionNode = FALSE
	EndGlobalSection
	GlobalSection(ExtensibilityGlobals) = postSolution
		SolutionGuid = {A6FD21B3-75DC-4786-A5CC-4A2E77F53EF6}
	EndGlobalSection
EndGlobal
